
Microsoft Visual Studio Solution File, Format Version 12.00
# Visual Studio Version 16
VisualStudioVersion = 16.0.30517.126
MinimumVisualStudioVersion = 10.0.40219.1
Project("{FAE04EC0-301F-11D3-BF4B-00C04F79EFBC}") = "WordWebRephraseAddIn", "WordWebRephraseAddIn\WordWebRephraseAddIn.csproj", "{C3C743A1-F235-4479-A946-6E410CD8FFC9}"
EndProject
Project("{FAE04EC0-301F-11D3-BF4B-00C04F79EFBC}") = "WordWebRephraseAddInWeb", "WordWebRephraseAddInWeb\WordWebRephraseAddInWeb.csproj", "{7C88312E-3EEB-400D-86B8-FD91E27BFFC0}"
EndProject
Global
	GlobalSection(SolutionConfigurationPlatforms) = preSolution
		Debug|Any CPU = Debug|Any CPU
		Release|Any CPU = Release|Any CPU
	EndGlobalSection
	GlobalSection(ProjectConfigurationPlatforms) = postSolution
		{C3C743A1-F235-4479-A946-6E410CD8FFC9}.Debug|Any CPU.ActiveCfg = Debug|Any CPU
		{C3C743A1-F235-4479-A946-6E410CD8FFC9}.Debug|Any CPU.Build.0 = Debug|Any CPU
		{C3C743A1-F235-4479-A946-6E410CD8FFC9}.Debug|Any CPU.Deploy.0 = Debug|Any CPU
		{C3C743A1-F235-4479-A946-6E410CD8FFC9}.Release|Any CPU.ActiveCfg = Release|Any CPU
		{C3C743A1-F235-4479-A946-6E410CD8FFC9}.Release|Any CPU.Build.0 = Release|Any CPU
		{C3C743A1-F235-4479-A946-6E410CD8FFC9}.Release|Any CPU.Deploy.0 = Release|Any CPU
		{7C88312E-3EEB-400D-86B8-FD91E27BFFC0}.Debug|Any CPU.ActiveCfg = Debug|Any CPU
		{7C88312E-3EEB-400D-86B8-FD91E27BFFC0}.Debug|Any CPU.Build.0 = Debug|Any CPU
		{7C88312E-3EEB-400D-86B8-FD91E27BFFC0}.Release|Any CPU.ActiveCfg = Release|Any CPU
		{7C88312E-3EEB-400D-86B8-FD91E27BFFC0}.Release|Any CPU.Build.0 = Release|Any CPU
	EndGlobalSection
	GlobalSection(SolutionProperties) = preSolution
		HideSolutionNode = FALSE
	EndGlobalSection
	GlobalSection(ExtensibilityGlobals) = postSolution
		SolutionGuid = {6BCBB74B-7409-4F79-9647-DD00056DD666}
	EndGlobalSection
EndGlobal
